github.com/go-images/images v0.0.0-20260811115337-bc5d586f8e38 h1:p+DjIujiwUvBiyD0oS9SUatf3pMKo0GpcA4p/Kyv7d8=
github.com/go-images/images v0.0.0-20260811115337-bc5d586f8e38/go.mod h1:nWwQCf77xG1GhaSD3rvlp7FNjjDhz47vrztyeBvIerk=
github.com/go-opentype/bidi v0.2.1 h1:7xCGqywPYxmwSfPBgP1Ewrp2Iwg2S03NeKxGWTz2guo=
github.com/go-opentype/bidi v0.2.1/go.mod h1:PaWZ9P93jwQaXsEvAoSxvJ3P70S9f8TuFGDstTvcfmM=
github.com/go-opentype/fonts v0.6.0 h1:pUKITjwC/gZg+XNCqP5eGLi8RHu2RAIcDrr6yp1VKMU=
github.com/go-opentype/fonts v0.6.0/go.mod h1:C6yQL2apHItfEZ5hztpsHF0S5mlX/hklLlq/Z5fRG/g=
github.com/go-opentype/opentype v0.5.0 h1:++VoqgbXgYACyTTNzUAivoxW9M3m2gxWMAn6bIY7DXg=
github.com/go-opentype/opentype v0.5.0/go.mod h1:AOixevJf7XQaH7+WG+OMIOZEbYPXfMqklVk26Y6YTUU=
github.com/go-opentype/shape v0.4.0 h1:Yz8ooo9+7HlzuzS72YWjJVM22GNGFf6jcxWfNNJOsng=
github.com/go-opentype/shape v0.4.0/go.mod h1:7kybm69yrtRgQnjaxPyYI9nPRFFdBdzlrmjcYCBfCbg=
github.com/go-widgets/data v0.1.0 h1:PB9EZtd3ASBeVx6XxgCaFr1YU8bgrmNkYULyyvyPkvU=
github.com/go-widgets/data v0.1.0/go.mod h1:OUFAK+pXaIt6Hc7wE49iMNykmcXEWICZtycbDiqMLFc=
github.com/go-widgets/painter v0.9.0 h1:/y0qn0+TP3bhdLMi4+/vmUUBnSp3/L2RQBBgwAmJkes=
github.com/go-widgets/painter v0.9.0/go.mod h1:ccmlkH2UmcXQh6rt9Fu2eDt2RI0B5V0POaGmUKeW0EQ=
github.com/go-widgets/toolkit v0.150.0 h1:tBkGdsO6fYotdWpJ7gaOuj9BEf0xUdktPFH8gie6oOY=
github.com/go-widgets/toolkit v0.150.0/go.mod h1:UZ8tGcFgtmcIZuZPmX1fPncrni7IOG+E0AaeMi0MXcI=
github.com/go-widgets/tui v0.49.0 h1:yFzxU3jsaE++mCrs4PY0ZzAgAe7RQ41F21bXXSVmzDA=
github.com/go-widgets/tui v0.49.0/go.mod h1:n+8knhgRZJn1nXAucKetFmZySH6JvTYnKWSW2x1Jx3E=
golang.org/x/sys v0.46.0 h1:noSf2Fq6F8DBgS+LysIkx7rIExoNHJsxOAtPp4rthXw=
golang.org/x/sys v0.46.0/go.mod h1:4GL1E5IUh+htKOUEOaiffhrAeqysfVGipDYzABqnCmw=
golang.org/x/term v0.44.0 h1:0rLvDRCtNj0gZkyIXhCyOb2OAzEhLVqc4B+hrsBhrmc=
golang.org/x/term v0.44.0/go.mod h1:7ze4MdzUzLXpSAoFP1H0bOI9aXDqveSvatT5vKcFh2Y=
